lockfileVersion: 5.3

specifiers:
  next: 12.1.3-canary.0
  react: 17.0.2
  react-dom: 17.0.2

dependencies:
  next: 12.1.3-canary.0_react-dom@17.0.2+react@17.0.2
  react: 17.0.2
  react-dom: 17.0.2_react@17.0.2

packages:

  /@next/env/12.1.3-canary.0:
    resolution: {integrity: sha512-7Ejk2IqDasnyA9UdhQbto+s0EYbFUZIaHjz0nCjXTwKc7MaQa2Rhw2aVdqLCG43CtZuVn+BgR1FsM9c1thObAg==}
    dev: false

  /@next/swc-android-arm-eabi/12.1.3-canary.0:
    resolution: {integrity: sha512-8/u8oxe8Jam+kS3ULy8522bFJxnOr7gf8qPQvyENtgat08bJVbJk2WYuteP0uW3XVK3Shf9Q/5Mrs2gAEvcJDg==}
    engines: {node: '>= 10'}
    cpu: [arm]
    os: [android]
    requiresBuild: true
    dev: false
    optional: true

  /@next/swc-android-arm64/12.1.3-canary.0:
    resolution: {integrity: sha512-b4yZDQpj6bY66LW7cHpNln/wxbqCIwoYNC4OK/iKwfPhNYBHxj58KTQMV5ZSW8+klZ4NvIE+MaBq7iupBDZJkQ==}
    engines: {node: '>= 10'}
    cpu: [arm64]
    os: [android]
    requiresBuild: true
    dev: false
    optional: true

  /@next/swc-darwin-arm64/12.1.3-canary.0:
    resolution: {integrity: sha512-jZDjfUlVpRR7FAPBiCQ/RyrDMO8x654SBFvISs82hk1AmsFz23F5lPTPwuPuVNjnEck6HthFHjiNtojpmnPi/Q==}
    engines: {node: '>= 10'}
    cpu: [arm64]
    os: [darwin]
    requiresBuild: true
    dev: false
    optional: true

  /@next/swc-darwin-x64/12.1.3-canary.0:
    resolution: {integrity: sha512-IuQwQpo2rICtfTa81MnDodjKj7a2rBbaG4bRMVLGl2eERQBu2Yb278oxHcvcW+5QU//BLIUNZnO6Ri1VBlIitQ==}
    engines: {node: '>= 10'}
    cpu: [x64]
    os: [darwin]
    requiresBuild: true
    dev: false
    optional: true

  /@next/swc-linux-arm-gnueabihf/12.1.3-canary.0:
    resolution: {integrity: sha512-U33DmSXrTZT383KmeT2llBeGghXZ77fQlafcGkGIS+a8WhFTTZIB9/+A2kbIJNMdrEmow3NZ7PM8tammBjMcrQ==}
    engines: {node: '>= 10'}
    cpu: [arm]
    os: [linux]
    requiresBuild: true
    dev: false
    optional: true

  /@next/swc-linux-arm64-gnu/12.1.3-canary.0:
    resolution: {integrity: sha512-z3ljaxtRycZbzP9hK15sGILjQsICwAjYBr3oMofBjCbWko+/EgkBhMvRFcwUj/y5IwBI/qY9EQo62pAZFFeZIg==}
    engines: {node: '>= 10'}
    cpu: [arm64]
    os: [linux]
    requiresBuild: true
    dev: false
    optional: true

  /@next/swc-linux-arm64-musl/12.1.3-canary.0:
    resolution: {integrity: sha512-I0zZ6i8lwrS1PbJl3IeEUkwLKFKOpLvzWRoS45bO5GF6FK11aKmqgzYsKOPMuIEDayJQvwJa1Gh8itrMxtOaHg==}
    engines: {node: '>= 10'}
    cpu: [arm64]
    os: [linux]
    requiresBuild: true
    dev: false
    optional: true

  /@next/swc-linux-x64-gnu/12.1.3-canary.0:
    resolution: {integrity: sha512-Ib/+b7g193uysuVoYG+PUrvOgLCtrZwQR+d9hf2weKu901+MM1cL+pQtPjJDLEQxUItPqRU4VMQYmV41CqDt+g==}
    engines: {node: '>= 10'}
    cpu: [x64]
    os: [linux]
    requiresBuild: true
    dev: false
    optional: true

  /@next/swc-linux-x64-musl/12.1.3-canary.0:
    resolution: {integrity: sha512-6cRwQvhEqx94Wm9dBSAT2AHhU6ew0Lmp+4P1xA8TcuJlGlUDwyWP/9G67uq2fnCHcVnzi4ZgFBzO0Qg/sRekxg==}
    engines: {node: '>= 10'}
    cpu: [x64]
    os: [linux]
    requiresBuild: true
    dev: false
    optional: true

  /@next/swc-win32-arm64-msvc/12.1.3-canary.0:
    resolution: {integrity: sha512-l7IkgaFbRicpTi779LKqUzOCPPC0eIcUX8nmH1LT+V6KlQm/wF4CMJtlS4M4OKdLOTovYv8KdRMczTKf7bEaYQ==}
    engines: {node: '>= 10'}
    cpu: [arm64]
    os: [win32]
    requiresBuild: true
    dev: false
    optional: true

  /@next/swc-win32-ia32-msvc/12.1.3-canary.0:
    resolution: {integrity: sha512-zTa0eWv23I1w7iin977jjcPMfDox0SUoDxveIfVbsycHIhdGlFMC1QpoO8nyVJVpJXCAjFNlQprG1urQLaGv1g==}
    engines: {node: '>= 10'}
    cpu: [ia32]
    os: [win32]
    requiresBuild: true
    dev: false
    optional: true

  /@next/swc-win32-x64-msvc/12.1.3-canary.0:
    resolution: {integrity: sha512-qc87SjlHt4KT0r1TlGYB7gH38Ai+Wt4dsSuWa8xqsr94xdur7UeCNfZjeu319nD9SRtg3W6Tf6F6RfhG8GmQxA==}
    engines: {node: '>= 10'}
    cpu: [x64]
    os: [win32]
    requiresBuild: true
    dev: false
    optional: true

  /caniuse-lite/1.0.30001322:
    resolution: {integrity: sha512-neRmrmIrCGuMnxGSoh+x7zYtQFFgnSY2jaomjU56sCkTA6JINqQrxutF459JpWcWRajvoyn95sOXq4Pqrnyjew==}
    dev: false

  /js-tokens/4.0.0:
    resolution: {integrity: sha512-RdJUflcE3cUzKiMqQgsCu06FPu9UdIJO0beYbPhHN4k6apgJtifcoCtT9bcxOpYBtpD2kCM6Sbzg4CausW/PKQ==}
    dev: false

  /loose-envify/1.4.0:
    resolution: {integrity: sha512-lyuxPGr/Wfhrlem2CL/UcnUc1zcqKAImBDzukY7Y5F/yQiNdko6+fRLevlw1HgMySw7f611UIY408EtxRSoK3Q==}
    hasBin: true
    dependencies:
      js-tokens: 4.0.0
    dev: false

  /nanoid/3.3.2:
    resolution: {integrity: sha512-CuHBogktKwpm5g2sRgv83jEy2ijFzBwMoYA60orPDR7ynsLijJDqgsi4RDGj3OJpy3Ieb+LYwiRmIOGyytgITA==}
    engines: {node: ^10 || ^12 || ^13.7 || ^14 || >=15.0.1}
    hasBin: true
    dev: false

  /next/12.1.3-canary.0_react-dom@17.0.2+react@17.0.2:
    resolution: {integrity: sha512-MrO8Ske7lewrsmnuXQcmmEO0pC+rGnv9TVP3cqiO/AwseVsyEhbPGB546O233A3RZwFeqx+Z9o79e+SgL4wTIw==}
    engines: {node: '>=12.22.0'}
    hasBin: true
    peerDependencies:
      fibers: '>= 3.1.0'
      node-sass: ^6.0.0 || ^7.0.0
      react: ^17.0.2 || ^18.0.0-0
      react-dom: ^17.0.2 || ^18.0.0-0
      sass: ^1.3.0
    peerDependenciesMeta:
      fibers:
        optional: true
      node-sass:
        optional: true
      sass:
        optional: true
    dependencies:
      '@next/env': 12.1.3-canary.0
      caniuse-lite: 1.0.30001322
      postcss: 8.4.5
      react: 17.0.2
      react-dom: 17.0.2_react@17.0.2
      styled-jsx: 5.0.1_react@17.0.2
      use-subscription: 1.5.1_react@17.0.2
    optionalDependencies:
      '@next/swc-android-arm-eabi': 12.1.3-canary.0
      '@next/swc-android-arm64': 12.1.3-canary.0
      '@next/swc-darwin-arm64': 12.1.3-canary.0
      '@next/swc-darwin-x64': 12.1.3-canary.0
      '@next/swc-linux-arm-gnueabihf': 12.1.3-canary.0
      '@next/swc-linux-arm64-gnu': 12.1.3-canary.0
      '@next/swc-linux-arm64-musl': 12.1.3-canary.0
      '@next/swc-linux-x64-gnu': 12.1.3-canary.0
      '@next/swc-linux-x64-musl': 12.1.3-canary.0
      '@next/swc-win32-arm64-msvc': 12.1.3-canary.0
      '@next/swc-win32-ia32-msvc': 12.1.3-canary.0
      '@next/swc-win32-x64-msvc': 12.1.3-canary.0
    transitivePeerDependencies:
      - '@babel/core'
      - babel-plugin-macros
    dev: false

  /object-assign/4.1.1:
    resolution: {integrity: sha1-IQmtx5ZYh8/AXLvUQsrIv7s2CGM=}
    engines: {node: '>=0.10.0'}
    dev: false

  /picocolors/1.0.0:
    resolution: {integrity: sha512-1fygroTLlHu66zi26VoTDv8yRgm0Fccecssto+MhsZ0D/DGW2sm8E8AjW7NU5VVTRt5GxbeZ5qBuJr+HyLYkjQ==}
    dev: false

  /postcss/8.4.5:
    resolution: {integrity: sha512-jBDboWM8qpaqwkMwItqTQTiFikhs/67OYVvblFFTM7MrZjt6yMKd6r2kgXizEbTTljacm4NldIlZnhbjr84QYg==}
    engines: {node: ^10 || ^12 || >=14}
    dependencies:
      nanoid: 3.3.2
      picocolors: 1.0.0
      source-map-js: 1.0.2
    dev: false

  /react-dom/17.0.2_react@17.0.2:
    resolution: {integrity: sha512-s4h96KtLDUQlsENhMn1ar8t2bEa+q/YAtj8pPPdIjPDGBDIVNsrD9aXNWqspUe6AzKCIG0C1HZZLqLV7qpOBGA==}
    peerDependencies:
      react: 17.0.2
    dependencies:
      loose-envify: 1.4.0
      object-assign: 4.1.1
      react: 17.0.2
      scheduler: 0.20.2
    dev: false

  /react/17.0.2:
    resolution: {integrity: sha512-gnhPt75i/dq/z3/6q/0asP78D0u592D5L1pd7M8P+dck6Fu/jJeL6iVVK23fptSUZj8Vjf++7wXA8UNclGQcbA==}
    engines: {node: '>=0.10.0'}
    dependencies:
      loose-envify: 1.4.0
      object-assign: 4.1.1
    dev: false

  /scheduler/0.20.2:
    resolution: {integrity: sha512-2eWfGgAqqWFGqtdMmcL5zCMK1U8KlXv8SQFGglL3CEtd0aDVDWgeF/YoCmvln55m5zSk3J/20hTaSBeSObsQDQ==}
    dependencies:
      loose-envify: 1.4.0
      object-assign: 4.1.1
    dev: false

  /source-map-js/1.0.2:
    resolution: {integrity: sha512-R0XvVJ9WusLiqTCEiGCmICCMplcCkIwwR11mOSD9CR5u+IXYdiseeEuXCVAjS54zqwkLcPNnmU4OeJ6tUrWhDw==}
    engines: {node: '>=0.10.0'}
    dev: false

  /styled-jsx/5.0.1_react@17.0.2:
    resolution: {integrity: sha512-+PIZ/6Uk40mphiQJJI1202b+/dYeTVd9ZnMPR80pgiWbjIwvN2zIp4r9et0BgqBuShh48I0gttPlAXA7WVvBxw==}
    engines: {node: '>= 12.0.0'}
    peerDependencies:
      '@babel/core': '*'
      babel-plugin-macros: '*'
      react: '>= 16.8.0 || 17.x.x || ^18.0.0-0'
    peerDependenciesMeta:
      '@babel/core':
        optional: true
      babel-plugin-macros:
        optional: true
    dependencies:
      react: 17.0.2
    dev: false

  /use-subscription/1.5.1_react@17.0.2:
    resolution: {integrity: sha512-Xv2a1P/yReAjAbhylMfFplFKj9GssgTwN7RlcTxBujFQcloStWNDQdc4g4NRWH9xS4i/FDk04vQBptAXoF3VcA==}
    peerDependencies:
      react: ^16.8.0 || ^17.0.0
    dependencies:
      object-assign: 4.1.1
      react: 17.0.2
    dev: false
